{
  "name": "@io-maana/q-assistant-client",
  "version": "3.3.0-beta.20",
  "lockfileVersion": 1,
  "requires": true,
  "dependencies": {
    "@io-maana/typesystem-utils": {
      "version": "1.0.9",
      "resolved": "https://registry.npmjs.org/@io-maana/typesystem-utils/-/typesystem-utils-1.0.9.tgz",
      "integrity": "sha512-MrFLH5TATdDvlCymaFwYUgtekVRmN6Je3Eib/ADr5/W2pfu46eIseHdUaUD0KgwWy9rYNmR/hiAKzXa96H7pSQ==",
      "requires": {
        "fp-ts": "^2.1.2",
        "graphql": "^14.4.2",
        "io-ts": "^2.0.1"
      }
    },
    "@types/node": {
      "version": "14.18.33",
      "resolved": "https://registry.npmjs.org/@types/node/-/node-14.18.33.tgz",
      "integrity": "sha512-qelS/Ra6sacc4loe/3MSjXNL1dNQ/GjxNHVzuChwMfmk7HuycRLVQN2qNY3XahK+fZc5E2szqQSKUyAF0E+2bg==",
      "dev": true
    },
    "@types/post-robot": {
      "version": "10.0.0",
      "resolved": "https://registry.npmjs.org/@types/post-robot/-/post-robot-10.0.0.tgz",
      "integrity": "sha512-BtcWSmf7nry9bLzVmhC3JsUUw5OvI7rB1zvilA9F+/P0Mdg2Yg5FG4O83baoeTHW/AlHpweRj0XwCLwvgz1R7A==",
      "dev": true
    },
    "balanced-match": {
      "version": "1.0.2",
      "resolved": "https://registry.npmjs.org/balanced-match/-/balanced-match-1.0.2.tgz",
      "integrity": "sha512-3oSeUO0TMV67hN1AmbXsK4yaqU7tjiHlbxRDZOpH0KW9+CeX4bRAaX0Anxt0tx2MrpRpWwQaPwIlISEJhYU5Pw==",
      "dev": true
    },
    "belter": {
      "version": "1.0.115",
      "resolved": "https://registry.npmjs.org/belter/-/belter-1.0.115.tgz",
      "integrity": "sha512-CDUeweAO3hRNamhZsDqO0Ubn+Lyfka3rMfjBvOCka6/NreGGAACGFVYlej9ssgebyl2qbBBSiwinUVNC85uGvw==",
      "requires": {
        "cross-domain-safe-weakmap": "^1.0.20",
        "cross-domain-utils": "^2.0.10",
        "zalgo-promise": "^1.0.28"
      }
    },
    "brace-expansion": {
      "version": "2.0.1",
      "resolved": "https://registry.npmjs.org/brace-expansion/-/brace-expansion-2.0.1.tgz",
      "integrity": "sha512-XnAIvQ8eM+kC6aULx6wuQiwVsnzsi9d3WxzV3FpWTGA19F621kwdbsAcFKXgKUHZWsy+mY6iL1sHTxWEFCytDA==",
      "dev": true,
      "requires": {
        "balanced-match": "^1.0.0"
      }
    },
    "cross-domain-safe-weakmap": {
      "version": "1.0.27",
      "resolved": "https://registry.npmjs.org/cross-domain-safe-weakmap/-/cross-domain-safe-weakmap-1.0.27.tgz",
      "integrity": "sha512-f5etDzszteeGh99Dzd7o72FGwd8rLGzgEv50Vk0r8mLzPdQEzcb7Vmx3PfKWD4k66Hp8vN0BLPuBmmMs4UxseQ==",
      "requires": {
        "cross-domain-utils": "^2.0.0"
      }
    },
    "cross-domain-utils": {
      "version": "2.0.29",
      "resolved": "https://registry.npmjs.org/cross-domain-utils/-/cross-domain-utils-2.0.29.tgz",
      "integrity": "sha512-Kb0Mgtmo7OIN4QuIYuWNe63pxq9DnlyyzzALcHUPg8zVJIP5QFOGuTe5KgnlyLAx4IxckD6661WaawjSkuTvUA==",
      "requires": {
        "zalgo-promise": "^1.0.11"
      }
    },
    "fp-ts": {
      "version": "2.13.1",
      "resolved": "https://registry.npmjs.org/fp-ts/-/fp-ts-2.13.1.tgz",
      "integrity": "sha512-0eu5ULPS2c/jsa1lGFneEFFEdTbembJv8e4QKXeVJ3lm/5hyve06dlKZrpxmMwJt6rYen7sxmHHK2CLaXvWuWQ=="
    },
    "graphql": {
      "version": "14.7.0",
      "resolved": "https://registry.npmjs.org/graphql/-/graphql-14.7.0.tgz",
      "integrity": "sha512-l0xWZpoPKpppFzMfvVyFmp9vLN7w/ZZJPefUicMCepfJeQ8sMcztloGYY9DfjVPo6tIUDzU5Hw3MUbIjj9AVVA==",
      "requires": {
        "iterall": "^1.2.2"
      }
    },
    "handlebars": {
      "version": "4.7.7",
      "resolved": "https://registry.npmjs.org/handlebars/-/handlebars-4.7.7.tgz",
      "integrity": "sha512-aAcXm5OAfE/8IXkcZvCepKU3VzW1/39Fb5ZuqMtgI/hT8X2YgoMvBY5dLhq/cpOvw7Lk1nK/UF71aLG/ZnVYRA==",
      "dev": true,
      "requires": {
        "minimist": "^1.2.5",
        "neo-async": "^2.6.0",
        "source-map": "^0.6.1",
        "uglify-js": "^3.1.4",
        "wordwrap": "^1.0.0"
      }
    },
    "io-ts": {
      "version": "2.2.19",
      "resolved": "https://registry.npmjs.org/io-ts/-/io-ts-2.2.19.tgz",
      "integrity": "sha512-ED0GQwvKRr5C2jqOOJCkuJW2clnbzqFexQ8V7Qsb+VB36S1Mk/OKH7k0FjSe4mjKy9qBRA3OqgVGyFMUEKIubw=="
    },
    "iterall": {
      "version": "1.3.0",
      "resolved": "https://registry.npmjs.org/iterall/-/iterall-1.3.0.tgz",
      "integrity": "sha512-QZ9qOMdF+QLHxy1QIpUHUU1D5pS2CG2P69LF6L6CPjPYA/XMOmKV3PZpawHoAjHNyB0swdVTRxdYT4tbBbxqwg=="
    },
    "jsonc-parser": {
      "version": "3.2.0",
      "resolved": "https://registry.npmjs.org/jsonc-parser/-/jsonc-parser-3.2.0.tgz",
      "integrity": "sha512-gfFQZrcTc8CnKXp6Y4/CBT3fTc0OVuDofpre4aEeEpSBPV5X5v4+Vmx+8snU7RLPrNHPKSgLxGo9YuQzz20o+w==",
      "dev": true
    },
    "lunr": {
      "version": "2.3.9",
      "resolved": "https://registry.npmjs.org/lunr/-/lunr-2.3.9.tgz",
      "integrity": "sha512-zTU3DaZaF3Rt9rhN3uBMGQD3dD2/vFQqnvZCDv4dl5iOzq2IZQqTxu90r4E5J+nP70J3ilqVCrbho2eWaeW8Ow==",
      "dev": true
    },
    "marked": {
      "version": "4.2.2",
      "resolved": "https://registry.npmjs.org/marked/-/marked-4.2.2.tgz",
      "integrity": "sha512-JjBTFTAvuTgANXx82a5vzK9JLSMoV6V3LBVn4Uhdso6t7vXrGx7g1Cd2r6NYSsxrYbQGFCMqBDhFHyK5q2UvcQ==",
      "dev": true
    },
    "minimatch": {
      "version": "5.1.0",
      "resolved": "https://registry.npmjs.org/minimatch/-/minimatch-5.1.0.tgz",
      "integrity": "sha512-9TPBGGak4nHfGZsPBohm9AWg6NoT7QTCehS3BIJABslyZbzxfV78QM2Y6+i741OPZIafFAaiiEMh5OyIrJPgtg==",
      "dev": true,
      "requires": {
        "brace-expansion": "^2.0.1"
      }
    },
    "minimist": {
      "version": "1.2.7",
      "resolved": "https://registry.npmjs.org/minimist/-/minimist-1.2.7.tgz",
      "integrity": "sha512-bzfL1YUZsP41gmu/qjrEk0Q6i2ix/cVeAhbCbqH9u3zYutS1cLg00qhrD0M2MVdCcx4Sc0UpP2eBWo9rotpq6g==",
      "dev": true
    },
    "neo-async": {
      "version": "2.6.2",
      "resolved": "https://registry.npmjs.org/neo-async/-/neo-async-2.6.2.tgz",
      "integrity": "sha512-Yd3UES5mWCSqR+qNT93S3UoYUkqAZ9lLg8a7g9rimsWmYGK8cVToA4/sF3RrshdyV3sAGMXVUmpMYOw+dLpOuw==",
      "dev": true
    },
    "post-robot": {
      "version": "10.0.29",
      "resolved": "https://registry.npmjs.org/post-robot/-/post-robot-10.0.29.tgz",
      "integrity": "sha512-Jb24/DvxtDGGlm9F6Dn3bdj6CmfYIinG0mlJZWd2Jl+E7RdcELLXQOCWoUczQDUWnfV5j4TYq++7ML2RSH1cHg==",
      "requires": {
        "belter": "^1.0.41",
        "cross-domain-safe-weakmap": "^1.0.1",
        "cross-domain-utils": "^2.0.0",
        "universal-serialize": "^1.0.4",
        "zalgo-promise": "^1.0.3"
      }
    },
    "prettier": {
      "version": "2.7.1",
      "resolved": "https://registry.npmjs.org/prettier/-/prettier-2.7.1.tgz",
      "integrity": "sha512-ujppO+MkdPqoVINuDFDRLClm7D78qbDt0/NR+wp5FqEZOoTNAjPHWj17QRhu7geIHJfcNhRk1XVQmF8Bp3ye+g==",
      "dev": true
    },
    "shiki": {
      "version": "0.11.1",
      "resolved": "https://registry.npmjs.org/shiki/-/shiki-0.11.1.tgz",
      "integrity": "sha512-EugY9VASFuDqOexOgXR18ZV+TbFrQHeCpEYaXamO+SZlsnT/2LxuLBX25GGtIrwaEVFXUAbUQ601SWE2rMwWHA==",
      "dev": true,
      "requires": {
        "jsonc-parser": "^3.0.0",
        "vscode-oniguruma": "^1.6.1",
        "vscode-textmate": "^6.0.0"
      }
    },
    "source-map": {
      "version": "0.6.1",
      "resolved": "https://registry.npmjs.org/source-map/-/source-map-0.6.1.tgz",
      "integrity": "sha512-UjgapumWlbMhkBgzT7Ykc5YXUT46F0iKu8SGXq0bcwP5dz/h0Plj6enJqjz1Zbq2l5WaqYnrVbwWOWMyF3F47g==",
      "dev": true
    },
    "typedoc": {
      "version": "0.23.21",
      "resolved": "https://registry.npmjs.org/typedoc/-/typedoc-0.23.21.tgz",
      "integrity": "sha512-VNE9Jv7BgclvyH9moi2mluneSviD43dCE9pY8RWkO88/DrEgJZk9KpUk7WO468c9WWs/+aG6dOnoH7ccjnErhg==",
      "dev": true,
      "requires": {
        "lunr": "^2.3.9",
        "marked": "^4.0.19",
        "minimatch": "^5.1.0",
        "shiki": "^0.11.1"
      }
    },
    "typedoc-plugin-markdown": {
      "version": "3.13.6",
      "resolved": "https://registry.npmjs.org/typedoc-plugin-markdown/-/typedoc-plugin-markdown-3.13.6.tgz",
      "integrity": "sha512-ISSc9v3BK7HkokxSBuJPttXox4tJ6hP0N9wfSIk0fmLN67+eqtAxbk97gs2nDiuha+RTO5eW9gdeAb+RPP0mgg==",
      "dev": true,
      "requires": {
        "handlebars": "^4.7.7"
      }
    },
    "typescript": {
      "version": "4.8.4",
      "resolved": "https://registry.npmjs.org/typescript/-/typescript-4.8.4.tgz",
      "integrity": "sha512-QCh+85mCy+h0IGff8r5XWzOVSbBO+KfeYrMQh7NJ58QujwcE22u+NUSmUxqF+un70P9GXKxa2HCNiTTMJknyjQ==",
      "dev": true
    },
    "uglify-js": {
      "version": "3.17.4",
      "resolved": "https://registry.npmjs.org/uglify-js/-/uglify-js-3.17.4.tgz",
      "integrity": "sha512-T9q82TJI9e/C1TAxYvfb16xO120tMVFZrGA3f9/P4424DNu6ypK103y0GPFVa17yotwSyZW5iYXgjYHkGrJW/g==",
      "dev": true,
      "optional": true
    },
    "universal-serialize": {
      "version": "1.0.7",
      "resolved": "https://registry.npmjs.org/universal-serialize/-/universal-serialize-1.0.7.tgz",
      "integrity": "sha512-rHWw4zdhPqKqbBu3GbNzdicHRc+0byzAFFcImDMo8x+S9yYfyqYQQcr749NV8jO/0YisMzd+LjeivdbHUzA67A=="
    },
    "vscode-oniguruma": {
      "version": "1.6.2",
      "resolved": "https://registry.npmjs.org/vscode-oniguruma/-/vscode-oniguruma-1.6.2.tgz",
      "integrity": "sha512-KH8+KKov5eS/9WhofZR8M8dMHWN2gTxjMsG4jd04YhpbPR91fUj7rYQ2/XjeHCJWbg7X++ApRIU9NUwM2vTvLA==",
      "dev": true
    },
    "vscode-textmate": {
      "version": "6.0.0",
      "resolved": "https://registry.npmjs.org/vscode-textmate/-/vscode-textmate-6.0.0.tgz",
      "integrity": "sha512-gu73tuZfJgu+mvCSy4UZwd2JXykjK9zAZsfmDeut5dx/1a7FeTk0XwJsSuqQn+cuMCGVbIBfl+s53X4T19DnzQ==",
      "dev": true
    },
    "wordwrap": {
      "version": "1.0.0",
      "resolved": "https://registry.npmjs.org/wordwrap/-/wordwrap-1.0.0.tgz",
      "integrity": "sha512-gvVzJFlPycKc5dZN4yPkP8w7Dc37BtP1yczEneOb4uq34pXZcvrtRTmWV8W+Ume+XCxKgbjM+nevkyFPMybd4Q==",
      "dev": true
    },
    "zalgo-promise": {
      "version": "1.0.44",
      "resolved": "https://registry.npmjs.org/zalgo-promise/-/zalgo-promise-1.0.44.tgz",
      "integrity": "sha512-CSQ1xh0vVwgrohObNdysPANonBV+3yl1Xy+qrtMWBvb/a0D/2OUNqb0GJvaAgGtP/gQawtiQAFil2bGSq8aoMA=="
    }
  }
}
