{
  "name": "@io-maana/q-assistant-client",
  "version": "3.2.4-beta",
  "lockfileVersion": 2,
  "requires": true,
  "packages": {
    "": {
      "name": "@io-maana/q-assistant-client",
      "version": "3.2.4-beta",
      "license": "MIT",
      "dependencies": {
        "post-robot": "10.0.29"
      },
      "devDependencies": {
        "@types/events": "^3.0.0",
        "@types/post-robot": "^10.0.3",
        "prettier": "2.4.1",
        "typescript": "^4.5.2"
      }
    },
    "node_modules/@types/events": {
      "version": "3.0.0",
      "resolved": "https://registry.npmjs.org/@types/events/-/events-3.0.0.tgz",
      "integrity": "sha512-EaObqwIvayI5a8dCzhFrjKzVwKLxjoG9T6Ppd5CEo07LRKfQ8Yokw54r5+Wq7FaBQ+yXRvQAYPrHwya1/UFt9g==",
      "dev": true
    },
    "node_modules/@types/post-robot": {
      "version": "10.0.3",
      "resolved": "https://registry.npmjs.org/@types/post-robot/-/post-robot-10.0.3.tgz",
      "integrity": "sha512-y8ysuxddaG8V/oA1Ay6Err7nSADRa9Bv1rl0ZQpJ0qgdIQ7ks3CHcOsYL4qE8w75+/XYDS94dBeXDs0xexm3tA==",
      "dev": true
    },
    "node_modules/belter": {
      "version": "1.0.115",
      "resolved": "https://registry.npmjs.org/belter/-/belter-1.0.115.tgz",
      "integrity": "sha512-CDUeweAO3hRNamhZsDqO0Ubn+Lyfka3rMfjBvOCka6/NreGGAACGFVYlej9ssgebyl2qbBBSiwinUVNC85uGvw==",
      "dependencies": {
        "cross-domain-safe-weakmap": "^1.0.20",
        "cross-domain-utils": "^2.0.10",
        "zalgo-promise": "^1.0.28"
      }
    },
    "node_modules/cross-domain-safe-weakmap": {
      "version": "1.0.27",
      "resolved": "https://registry.npmjs.org/cross-domain-safe-weakmap/-/cross-domain-safe-weakmap-1.0.27.tgz",
      "integrity": "sha512-f5etDzszteeGh99Dzd7o72FGwd8rLGzgEv50Vk0r8mLzPdQEzcb7Vmx3PfKWD4k66Hp8vN0BLPuBmmMs4UxseQ==",
      "dependencies": {
        "cross-domain-utils": "^2.0.0"
      }
    },
    "node_modules/cross-domain-utils": {
      "version": "2.0.29",
      "resolved": "https://registry.npmjs.org/cross-domain-utils/-/cross-domain-utils-2.0.29.tgz",
      "integrity": "sha512-Kb0Mgtmo7OIN4QuIYuWNe63pxq9DnlyyzzALcHUPg8zVJIP5QFOGuTe5KgnlyLAx4IxckD6661WaawjSkuTvUA==",
      "dependencies": {
        "zalgo-promise": "^1.0.11"
      }
    },
    "node_modules/post-robot": {
      "version": "10.0.29",
      "resolved": "https://registry.npmjs.org/post-robot/-/post-robot-10.0.29.tgz",
      "integrity": "sha512-Jb24/DvxtDGGlm9F6Dn3bdj6CmfYIinG0mlJZWd2Jl+E7RdcELLXQOCWoUczQDUWnfV5j4TYq++7ML2RSH1cHg==",
      "dependencies": {
        "belter": "^1.0.41",
        "cross-domain-safe-weakmap": "^1.0.1",
        "cross-domain-utils": "^2.0.0",
        "universal-serialize": "^1.0.4",
        "zalgo-promise": "^1.0.3"
      }
    },
    "node_modules/prettier": {
      "version": "2.4.1",
      "resolved": "https://registry.npmjs.org/prettier/-/prettier-2.4.1.tgz",
      "integrity": "sha512-9fbDAXSBcc6Bs1mZrDYb3XKzDLm4EXXL9sC1LqKP5rZkT6KRr/rf9amVUcODVXgguK/isJz0d0hP72WeaKWsvA==",
      "dev": true,
      "bin": {
        "prettier": "bin-prettier.js"
      },
      "engines": {
        "node": ">=10.13.0"
      }
    },
    "node_modules/typescript": {
      "version": "4.5.2",
      "resolved": "https://registry.npmjs.org/typescript/-/typescript-4.5.2.tgz",
      "integrity": "sha512-5BlMof9H1yGt0P8/WF+wPNw6GfctgGjXp5hkblpyT+8rkASSmkUKMXrxR0Xg8ThVCi/JnHQiKXeBaEwCeQwMFw==",
      "dev": true,
      "bin": {
        "tsc": "bin/tsc",
        "tsserver": "bin/tsserver"
      },
      "engines": {
        "node": ">=4.2.0"
      }
    },
    "node_modules/universal-serialize": {
      "version": "1.0.7",
      "resolved": "https://registry.npmjs.org/universal-serialize/-/universal-serialize-1.0.7.tgz",
      "integrity": "sha512-rHWw4zdhPqKqbBu3GbNzdicHRc+0byzAFFcImDMo8x+S9yYfyqYQQcr749NV8jO/0YisMzd+LjeivdbHUzA67A=="
    },
    "node_modules/zalgo-promise": {
      "version": "1.0.44",
      "resolved": "https://registry.npmjs.org/zalgo-promise/-/zalgo-promise-1.0.44.tgz",
      "integrity": "sha512-CSQ1xh0vVwgrohObNdysPANonBV+3yl1Xy+qrtMWBvb/a0D/2OUNqb0GJvaAgGtP/gQawtiQAFil2bGSq8aoMA=="
    }
  },
  "dependencies": {
    "@types/events": {
      "version": "3.0.0",
      "resolved": "https://registry.npmjs.org/@types/events/-/events-3.0.0.tgz",
      "integrity": "sha512-EaObqwIvayI5a8dCzhFrjKzVwKLxjoG9T6Ppd5CEo07LRKfQ8Yokw54r5+Wq7FaBQ+yXRvQAYPrHwya1/UFt9g==",
      "dev": true
    },
    "@types/post-robot": {
      "version": "10.0.3",
      "resolved": "https://registry.npmjs.org/@types/post-robot/-/post-robot-10.0.3.tgz",
      "integrity": "sha512-y8ysuxddaG8V/oA1Ay6Err7nSADRa9Bv1rl0ZQpJ0qgdIQ7ks3CHcOsYL4qE8w75+/XYDS94dBeXDs0xexm3tA==",
      "dev": true
    },
    "belter": {
      "version": "1.0.115",
      "resolved": "https://registry.npmjs.org/belter/-/belter-1.0.115.tgz",
      "integrity": "sha512-CDUeweAO3hRNamhZsDqO0Ubn+Lyfka3rMfjBvOCka6/NreGGAACGFVYlej9ssgebyl2qbBBSiwinUVNC85uGvw==",
      "requires": {
        "cross-domain-safe-weakmap": "^1.0.20",
        "cross-domain-utils": "^2.0.10",
        "zalgo-promise": "^1.0.28"
      }
    },
    "cross-domain-safe-weakmap": {
      "version": "1.0.27",
      "resolved": "https://registry.npmjs.org/cross-domain-safe-weakmap/-/cross-domain-safe-weakmap-1.0.27.tgz",
      "integrity": "sha512-f5etDzszteeGh99Dzd7o72FGwd8rLGzgEv50Vk0r8mLzPdQEzcb7Vmx3PfKWD4k66Hp8vN0BLPuBmmMs4UxseQ==",
      "requires": {
        "cross-domain-utils": "^2.0.0"
      }
    },
    "cross-domain-utils": {
      "version": "2.0.29",
      "resolved": "https://registry.npmjs.org/cross-domain-utils/-/cross-domain-utils-2.0.29.tgz",
      "integrity": "sha512-Kb0Mgtmo7OIN4QuIYuWNe63pxq9DnlyyzzALcHUPg8zVJIP5QFOGuTe5KgnlyLAx4IxckD6661WaawjSkuTvUA==",
      "requires": {
        "zalgo-promise": "^1.0.11"
      }
    },
    "post-robot": {
      "version": "10.0.29",
      "resolved": "https://registry.npmjs.org/post-robot/-/post-robot-10.0.29.tgz",
      "integrity": "sha512-Jb24/DvxtDGGlm9F6Dn3bdj6CmfYIinG0mlJZWd2Jl+E7RdcELLXQOCWoUczQDUWnfV5j4TYq++7ML2RSH1cHg==",
      "requires": {
        "belter": "^1.0.41",
        "cross-domain-safe-weakmap": "^1.0.1",
        "cross-domain-utils": "^2.0.0",
        "universal-serialize": "^1.0.4",
        "zalgo-promise": "^1.0.3"
      }
    },
    "prettier": {
      "version": "2.4.1",
      "resolved": "https://registry.npmjs.org/prettier/-/prettier-2.4.1.tgz",
      "integrity": "sha512-9fbDAXSBcc6Bs1mZrDYb3XKzDLm4EXXL9sC1LqKP5rZkT6KRr/rf9amVUcODVXgguK/isJz0d0hP72WeaKWsvA==",
      "dev": true
    },
    "typescript": {
      "version": "4.5.2",
      "resolved": "https://registry.npmjs.org/typescript/-/typescript-4.5.2.tgz",
      "integrity": "sha512-5BlMof9H1yGt0P8/WF+wPNw6GfctgGjXp5hkblpyT+8rkASSmkUKMXrxR0Xg8ThVCi/JnHQiKXeBaEwCeQwMFw==",
      "dev": true
    },
    "universal-serialize": {
      "version": "1.0.7",
      "resolved": "https://registry.npmjs.org/universal-serialize/-/universal-serialize-1.0.7.tgz",
      "integrity": "sha512-rHWw4zdhPqKqbBu3GbNzdicHRc+0byzAFFcImDMo8x+S9yYfyqYQQcr749NV8jO/0YisMzd+LjeivdbHUzA67A=="
    },
    "zalgo-promise": {
      "version": "1.0.44",
      "resolved": "https://registry.npmjs.org/zalgo-promise/-/zalgo-promise-1.0.44.tgz",
      "integrity": "sha512-CSQ1xh0vVwgrohObNdysPANonBV+3yl1Xy+qrtMWBvb/a0D/2OUNqb0GJvaAgGtP/gQawtiQAFil2bGSq8aoMA=="
    }
  }
}
