lockfileVersion: 5.4

specifiers:
  '@io-maana/typesystem-utils': ^1.0.9
  '@types/lodash': ^4.14.187
  '@types/node': ^14.18.33
  '@types/post-robot': 10.0.0
  '@types/uuid': ^8.3.4
  core-js: ^3.26.0
  lodash: ^4.17.21
  post-robot: 10.0.29
  prettier: ^2.7.1
  typedoc: ^0.19.2
  typedoc-plugin-markdown: ^3.0.11
  typescript: ^4.5.0
  uuid: ^9.0.0

dependencies:
  '@io-maana/typesystem-utils': 1.0.9
  core-js: 3.26.0
  lodash: 4.17.21
  post-robot: 10.0.29
  uuid: 9.0.0

devDependencies:
  '@types/lodash': 4.14.187
  '@types/node': 14.18.33
  '@types/post-robot': 10.0.0
  '@types/uuid': 8.3.4
  prettier: 2.7.1
  typedoc: 0.19.2_typescript@4.8.4
  typedoc-plugin-markdown: 3.13.6_typedoc@0.19.2
  typescript: 4.8.4

packages:

  /@io-maana/typesystem-utils/1.0.9:
    resolution: {integrity: sha512-MrFLH5TATdDvlCymaFwYUgtekVRmN6Je3Eib/ADr5/W2pfu46eIseHdUaUD0KgwWy9rYNmR/hiAKzXa96H7pSQ==}
    dependencies:
      fp-ts: 2.13.1
      graphql: 14.7.0
      io-ts: 2.2.19_fp-ts@2.13.1
    dev: false

  /@types/lodash/4.14.187:
    resolution: {integrity: sha512-MrO/xLXCaUgZy3y96C/iOsaIqZSeupyTImKClHunL5GrmaiII2VwvWmLBu2hwa0Kp0sV19CsyjtrTc/Fx8rg/A==}
    dev: true

  /@types/node/14.18.33:
    resolution: {integrity: sha512-qelS/Ra6sacc4loe/3MSjXNL1dNQ/GjxNHVzuChwMfmk7HuycRLVQN2qNY3XahK+fZc5E2szqQSKUyAF0E+2bg==}
    dev: true

  /@types/post-robot/10.0.0:
    resolution: {integrity: sha512-BtcWSmf7nry9bLzVmhC3JsUUw5OvI7rB1zvilA9F+/P0Mdg2Yg5FG4O83baoeTHW/AlHpweRj0XwCLwvgz1R7A==}
    dev: true

  /@types/uuid/8.3.4:
    resolution: {integrity: sha512-c/I8ZRb51j+pYGAu5CrFMRxqZ2ke4y2grEBO5AUjgSkSk+qT2Ea+OdWElz/OiMf5MNpn2b17kuVBwZLQJXzihw==}
    dev: true

  /at-least-node/1.0.0:
    resolution: {integrity: sha512-+q/t7Ekv1EDY2l6Gda6LLiX14rU9TV20Wa3ofeQmwPFZbOMo9DXrLbOjFaaclkXKWidIaopwAObQDqwWtGUjqg==}
    engines: {node: '>= 4.0.0'}
    dev: true

  /balanced-match/1.0.2:
    resolution: {integrity: sha512-3oSeUO0TMV67hN1AmbXsK4yaqU7tjiHlbxRDZOpH0KW9+CeX4bRAaX0Anxt0tx2MrpRpWwQaPwIlISEJhYU5Pw==}
    dev: true

  /belter/1.0.190:
    resolution: {integrity: sha512-jz05FHrO+bwitdI6JxV5ESyRdVhTcwMWQ7L4o+q/R4LNJFQrG58sp9EiwsSjhbihhiyYFcmmCMRRagxte6igtw==}
    dependencies:
      cross-domain-safe-weakmap: 1.0.29
      cross-domain-utils: 2.0.38
      zalgo-promise: 1.0.48
    dev: false

  /brace-expansion/1.1.11:
    resolution: {integrity: sha512-iCuPHDFgrHX7H2vEI/5xpz07zSHB00TpugqhmYtVmMO6518mCuRMoOYFldEBl0g187ufozdaHgWKcYFb61qGiA==}
    dependencies:
      balanced-match: 1.0.2
      concat-map: 0.0.1
    dev: true

  /concat-map/0.0.1:
    resolution: {integrity: sha1-2Klr13/Wjfd5OnMDajug1UBdR3s=}
    dev: true

  /core-js/3.26.0:
    resolution: {integrity: sha512-+DkDrhoR4Y0PxDz6rurahuB+I45OsEUv8E1maPTB6OuHRohMMcznBq9TMpdpDMm/hUPob/mJJS3PqgbHpMTQgw==}
    requiresBuild: true
    dev: false

  /cross-domain-safe-weakmap/1.0.29:
    resolution: {integrity: sha512-VLoUgf2SXnf3+na8NfeUFV59TRZkIJqCIATaMdbhccgtnTlSnHXkyTRwokngEGYdQXx8JbHT9GDYitgR2sdjuA==}
    dependencies:
      cross-domain-utils: 2.0.38
    dev: false

  /cross-domain-utils/2.0.38:
    resolution: {integrity: sha512-zZfi3+2EIR9l4chrEiXI2xFleyacsJf8YMLR1eJ0Veb5FTMXeJ3DpxDjZkto2FhL/g717WSELqbptNSo85UJDw==}
    dependencies:
      zalgo-promise: 1.0.48
    dev: false

  /fp-ts/2.13.1:
    resolution: {integrity: sha512-0eu5ULPS2c/jsa1lGFneEFFEdTbembJv8e4QKXeVJ3lm/5hyve06dlKZrpxmMwJt6rYen7sxmHHK2CLaXvWuWQ==}
    dev: false

  /fs-extra/9.1.0:
    resolution: {integrity: sha512-hcg3ZmepS30/7BSFqRvoo3DOMQu7IjqxO5nCDt+zM9XWjb33Wg7ziNT+Qvqbuc3+gWpzO02JubVyk2G4Zvo1OQ==}
    engines: {node: '>=10'}
    dependencies:
      at-least-node: 1.0.0
      graceful-fs: 4.2.10
      jsonfile: 6.1.0
      universalify: 2.0.0
    dev: true

  /fs.realpath/1.0.0:
    resolution: {integrity: sha512-OO0pH2lK6a0hZnAdau5ItzHPI6pUlvI7jMVnxUQRtw4owF2wk8lOSabtGDCTP4Ggrg2MbGnWO9X8K1t4+fGMDw==}
    dev: true

  /function-bind/1.1.1:
    resolution: {integrity: sha512-yIovAzMX49sF8Yl58fSCWJ5svSLuaibPxXQJFLmBObTuCr0Mf1KiPopGM9NiFjiYBCbfaa2Fh6breQ6ANVTI0A==}
    dev: true

  /glob/7.2.3:
    resolution: {integrity: sha512-nFR0zLpU2YCaRxwoCJvL6UvCH2JFyFVIvwTLsIf21AuHlMskA1hhTdk+LlYJtOlYt9v6dvszD2BGRqBL+iQK9Q==}
    dependencies:
      fs.realpath: 1.0.0
      inflight: 1.0.6
      inherits: 2.0.4
      minimatch: 3.1.2
      once: 1.4.0
      path-is-absolute: 1.0.1
    dev: true

  /graceful-fs/4.2.10:
    resolution: {integrity: sha512-9ByhssR2fPVsNZj478qUUbKfmL0+t5BDVyjShtyZZLiK7ZDAArFFfopyOTj0M05wE2tJPisA4iTnnXl2YoPvOA==}
    dev: true

  /graphql/14.7.0:
    resolution: {integrity: sha512-l0xWZpoPKpppFzMfvVyFmp9vLN7w/ZZJPefUicMCepfJeQ8sMcztloGYY9DfjVPo6tIUDzU5Hw3MUbIjj9AVVA==}
    engines: {node: '>= 6.x'}
    dependencies:
      iterall: 1.3.0
    dev: false

  /handlebars/4.7.7:
    resolution: {integrity: sha512-aAcXm5OAfE/8IXkcZvCepKU3VzW1/39Fb5ZuqMtgI/hT8X2YgoMvBY5dLhq/cpOvw7Lk1nK/UF71aLG/ZnVYRA==}
    engines: {node: '>=0.4.7'}
    hasBin: true
    dependencies:
      minimist: 1.2.7
      neo-async: 2.6.2
      source-map: 0.6.1
      wordwrap: 1.0.0
    optionalDependencies:
      uglify-js: 3.17.4
    dev: true

  /has/1.0.3:
    resolution: {integrity: sha512-f2dvO0VU6Oej7RkWJGrehjbzMAjFp5/VKPp5tTpWIV4JHHZK1/BxbFRtf/siA2SWTe09caDmVtYYzWEIbBS4zw==}
    engines: {node: '>= 0.4.0'}
    dependencies:
      function-bind: 1.1.1
    dev: true

  /highlight.js/10.7.3:
    resolution: {integrity: sha512-tzcUFauisWKNHaRkN4Wjl/ZA07gENAjFl3J/c480dprkGTg5EQstgaNFqBfUqCq54kZRIEcreTsAgF/m2quD7A==}
    dev: true

  /inflight/1.0.6:
    resolution: {integrity: sha512-k92I/b08q4wvFscXCLvqfsHCrjrF7yiXsQuIVvVE7N82W3+aqpzuUdBbfhWcy/FZR3/4IgflMgKLOsvPDrGCJA==}
    dependencies:
      once: 1.4.0
      wrappy: 1.0.2
    dev: true

  /inherits/2.0.4:
    resolution: {integrity: sha512-k/vGaX4/Yla3WzyMCvTQOXYeIHvqOKtnqBduzTHpzpQZzAskKMhZ2K+EnBiSM9zGSoIFeMpXKxa4dYeZIQqewQ==}
    dev: true

  /interpret/1.4.0:
    resolution: {integrity: sha512-agE4QfB2Lkp9uICn7BAqoscw4SZP9kTE2hxiFI3jBPmXJfdqiahTbUuKGsMoN2GtqL9AxhYioAcVvgsb1HvRbA==}
    engines: {node: '>= 0.10'}
    dev: true

  /io-ts/2.2.19_fp-ts@2.13.1:
    resolution: {integrity: sha512-ED0GQwvKRr5C2jqOOJCkuJW2clnbzqFexQ8V7Qsb+VB36S1Mk/OKH7k0FjSe4mjKy9qBRA3OqgVGyFMUEKIubw==}
    peerDependencies:
      fp-ts: ^2.5.0
    dependencies:
      fp-ts: 2.13.1
    dev: false

  /is-core-module/2.11.0:
    resolution: {integrity: sha512-RRjxlvLDkD1YJwDbroBHMb+cukurkDWNyHx7D3oNB5x9rb5ogcksMC5wHCadcXoo67gVr/+3GFySh3134zi6rw==}
    dependencies:
      has: 1.0.3
    dev: true

  /iterall/1.3.0:
    resolution: {integrity: sha512-QZ9qOMdF+QLHxy1QIpUHUU1D5pS2CG2P69LF6L6CPjPYA/XMOmKV3PZpawHoAjHNyB0swdVTRxdYT4tbBbxqwg==}
    dev: false

  /jsonfile/6.1.0:
    resolution: {integrity: sha512-5dgndWOriYSm5cnYaJNhalLNDKOqFwyDB/rr1E9ZsGciGvKPs8R2xYGCacuf3z6K1YKDz182fd+fY3cn3pMqXQ==}
    dependencies:
      universalify: 2.0.0
    optionalDependencies:
      graceful-fs: 4.2.10
    dev: true

  /lodash/4.17.21:
    resolution: {integrity: sha512-v2kDEe57lecTulaDIuNTPy3Ry4gLGJ6Z1O3vE1krgXZNrsQ+LFTGHVxVjcXPs17LhbZVGedAJv8XZ1tvj5FvSg==}

  /lru-cache/6.0.0:
    resolution: {integrity: sha512-Jo6dJ04CmSjuznwJSS3pUeWmd/H0ffTlkXXgwZi+eq1UCmqQwCh+eLsYOYCwY991i2Fah4h1BEMCx4qThGbsiA==}
    engines: {node: '>=10'}
    dependencies:
      yallist: 4.0.0
    dev: true

  /lunr/2.3.9:
    resolution: {integrity: sha512-zTU3DaZaF3Rt9rhN3uBMGQD3dD2/vFQqnvZCDv4dl5iOzq2IZQqTxu90r4E5J+nP70J3ilqVCrbho2eWaeW8Ow==}
    dev: true

  /marked/1.2.9:
    resolution: {integrity: sha512-H8lIX2SvyitGX+TRdtS06m1jHMijKN/XjfH6Ooii9fvxMlh8QdqBfBDkGUpMWH2kQNrtixjzYUa3SH8ROTgRRw==}
    engines: {node: '>= 8.16.2'}
    hasBin: true
    dev: true

  /minimatch/3.1.2:
    resolution: {integrity: sha512-J7p63hRiAjw1NDEww1W7i37+ByIrOWO5XQQAzZ3VOcL0PNybwpfmV/N05zFAzwQ9USyEcX6t3UO+K5aqBQOIHw==}
    dependencies:
      brace-expansion: 1.1.11
    dev: true

  /minimist/1.2.7:
    resolution: {integrity: sha512-bzfL1YUZsP41gmu/qjrEk0Q6i2ix/cVeAhbCbqH9u3zYutS1cLg00qhrD0M2MVdCcx4Sc0UpP2eBWo9rotpq6g==}
    dev: true

  /neo-async/2.6.2:
    resolution: {integrity: sha512-Yd3UES5mWCSqR+qNT93S3UoYUkqAZ9lLg8a7g9rimsWmYGK8cVToA4/sF3RrshdyV3sAGMXVUmpMYOw+dLpOuw==}
    dev: true

  /once/1.4.0:
    resolution: {integrity: sha512-lNaJgI+2Q5URQBkccEKHTQOPaXdUxnZZElQTZY0MFUAuaEqe1E+Nyvgdz/aIyNi6Z9MzO5dv1H8n58/GELp3+w==}
    dependencies:
      wrappy: 1.0.2
    dev: true

  /path-is-absolute/1.0.1:
    resolution: {integrity: sha512-AVbw3UJ2e9bq64vSaS9Am0fje1Pa8pbGqTTsmXfaIiMpnr5DlDhfJOuLj9Sf95ZPVDAUerDfEk88MPmPe7UCQg==}
    engines: {node: '>=0.10.0'}
    dev: true

  /path-parse/1.0.7:
    resolution: {integrity: sha512-LDJzPVEEEPR+y48z93A0Ed0yXb8pAByGWo/k5YYdYgpY2/2EsOsksJrq7lOHxryrVOn1ejG6oAp8ahvOIQD8sw==}
    dev: true

  /post-robot/10.0.29:
    resolution: {integrity: sha512-Jb24/DvxtDGGlm9F6Dn3bdj6CmfYIinG0mlJZWd2Jl+E7RdcELLXQOCWoUczQDUWnfV5j4TYq++7ML2RSH1cHg==}
    dependencies:
      belter: 1.0.190
      cross-domain-safe-weakmap: 1.0.29
      cross-domain-utils: 2.0.38
      universal-serialize: 1.0.10
      zalgo-promise: 1.0.48
    dev: false

  /prettier/2.7.1:
    resolution: {integrity: sha512-ujppO+MkdPqoVINuDFDRLClm7D78qbDt0/NR+wp5FqEZOoTNAjPHWj17QRhu7geIHJfcNhRk1XVQmF8Bp3ye+g==}
    engines: {node: '>=10.13.0'}
    hasBin: true
    dev: true

  /progress/2.0.3:
    resolution: {integrity: sha512-7PiHtLll5LdnKIMw100I+8xJXR5gW2QwWYkT6iJva0bXitZKa/XMrSbdmg3r2Xnaidz9Qumd0VPaMrZlF9V9sA==}
    engines: {node: '>=0.4.0'}
    dev: true

  /rechoir/0.6.2:
    resolution: {integrity: sha512-HFM8rkZ+i3zrV+4LQjwQ0W+ez98pApMGM3HUrN04j3CqzPOzl9nmP15Y8YXNm8QHGv/eacOVEjqhmWpkRV0NAw==}
    engines: {node: '>= 0.10'}
    dependencies:
      resolve: 1.22.1
    dev: true

  /resolve/1.22.1:
    resolution: {integrity: sha512-nBpuuYuY5jFsli/JIs1oldw6fOQCBioohqWZg/2hiaOybXOft4lonv85uDOKXdf8rhyK159cxU5cDcK/NKk8zw==}
    hasBin: true
    dependencies:
      is-core-module: 2.11.0
      path-parse: 1.0.7
      supports-preserve-symlinks-flag: 1.0.0
    dev: true

  /semver/7.3.8:
    resolution: {integrity: sha512-NB1ctGL5rlHrPJtFDVIVzTyQylMLu9N9VICA6HSFJo8MCGVTMW6gfpicwKmmK/dAjTOrqu5l63JJOpDSrAis3A==}
    engines: {node: '>=10'}
    hasBin: true
    dependencies:
      lru-cache: 6.0.0
    dev: true

  /shelljs/0.8.5:
    resolution: {integrity: sha512-TiwcRcrkhHvbrZbnRcFYMLl30Dfov3HKqzp5tO5b4pt6G/SezKcYhmDg15zXVBswHmctSAQKznqNW2LO5tTDow==}
    engines: {node: '>=4'}
    hasBin: true
    dependencies:
      glob: 7.2.3
      interpret: 1.4.0
      rechoir: 0.6.2
    dev: true

  /source-map/0.6.1:
    resolution: {integrity: sha512-UjgapumWlbMhkBgzT7Ykc5YXUT46F0iKu8SGXq0bcwP5dz/h0Plj6enJqjz1Zbq2l5WaqYnrVbwWOWMyF3F47g==}
    engines: {node: '>=0.10.0'}
    dev: true

  /supports-preserve-symlinks-flag/1.0.0:
    resolution: {integrity: sha512-ot0WnXS9fgdkgIcePe6RHNk1WA8+muPa6cSjeR3V8K27q9BB1rTE3R1p7Hv0z1ZyAc8s6Vvv8DIyWf681MAt0w==}
    engines: {node: '>= 0.4'}
    dev: true

  /typedoc-default-themes/0.11.4:
    resolution: {integrity: sha512-Y4Lf+qIb9NTydrexlazAM46SSLrmrQRqWiD52593g53SsmUFioAsMWt8m834J6qsp+7wHRjxCXSZeiiW5cMUdw==}
    engines: {node: '>= 8'}
    dev: true

  /typedoc-plugin-markdown/3.13.6_typedoc@0.19.2:
    resolution: {integrity: sha512-ISSc9v3BK7HkokxSBuJPttXox4tJ6hP0N9wfSIk0fmLN67+eqtAxbk97gs2nDiuha+RTO5eW9gdeAb+RPP0mgg==}
    peerDependencies:
      typedoc: '>=0.23.0'
    dependencies:
      handlebars: 4.7.7
      typedoc: 0.19.2_typescript@4.8.4
    dev: true

  /typedoc/0.19.2_typescript@4.8.4:
    resolution: {integrity: sha512-oDEg1BLEzi1qvgdQXc658EYgJ5qJLVSeZ0hQ57Eq4JXy6Vj2VX4RVo18qYxRWz75ifAaYuYNBUCnbhjd37TfOg==}
    engines: {node: '>= 10.0.0'}
    hasBin: true
    peerDependencies:
      typescript: 3.9.x || 4.0.x
    dependencies:
      fs-extra: 9.1.0
      handlebars: 4.7.7
      highlight.js: 10.7.3
      lodash: 4.17.21
      lunr: 2.3.9
      marked: 1.2.9
      minimatch: 3.1.2
      progress: 2.0.3
      semver: 7.3.8
      shelljs: 0.8.5
      typedoc-default-themes: 0.11.4
      typescript: 4.8.4
    dev: true

  /typescript/4.8.4:
    resolution: {integrity: sha512-QCh+85mCy+h0IGff8r5XWzOVSbBO+KfeYrMQh7NJ58QujwcE22u+NUSmUxqF+un70P9GXKxa2HCNiTTMJknyjQ==}
    engines: {node: '>=4.2.0'}
    hasBin: true
    dev: true

  /uglify-js/3.17.4:
    resolution: {integrity: sha512-T9q82TJI9e/C1TAxYvfb16xO120tMVFZrGA3f9/P4424DNu6ypK103y0GPFVa17yotwSyZW5iYXgjYHkGrJW/g==}
    engines: {node: '>=0.8.0'}
    hasBin: true
    requiresBuild: true
    dev: true
    optional: true

  /universal-serialize/1.0.10:
    resolution: {integrity: sha512-FdouA4xSFa0fudk1+z5vLWtxZCoC0Q9lKYV3uUdFl7DttNfolmiw2ASr5ddY+/Yz6Isr68u3IqC9XMSwMP+Pow==}
    dev: false

  /universalify/2.0.0:
    resolution: {integrity: sha512-hAZsKq7Yy11Zu1DE0OzWjw7nnLZmJZYTDZZyEFHZdUhV8FkH5MCfoU1XMaxXovpyW5nq5scPqq0ZDP9Zyl04oQ==}
    engines: {node: '>= 10.0.0'}
    dev: true

  /uuid/9.0.0:
    resolution: {integrity: sha512-MXcSTerfPa4uqyzStbRoTgt5XIe3x5+42+q1sDuy3R5MDk66URdLMOZe5aPX/SQd+kuYAh0FdP/pO28IkQyTeg==}
    hasBin: true
    dev: false

  /wordwrap/1.0.0:
    resolution: {integrity: sha512-gvVzJFlPycKc5dZN4yPkP8w7Dc37BtP1yczEneOb4uq34pXZcvrtRTmWV8W+Ume+XCxKgbjM+nevkyFPMybd4Q==}
    dev: true

  /wrappy/1.0.2:
    resolution: {integrity: sha512-l4Sp/DRseor9wL6EvV2+TuQn63dMkPjZ/sp9XkghTEbV9KlPS1xUsZ3u7/IQO4wxtcFB4bgpQPRcR3QCvezPcQ==}
    dev: true

  /yallist/4.0.0:
    resolution: {integrity: sha512-3wdGidZyq5PB084XLES5TpOSRA3wjXAlIWMhum2kRcv/41Sn2emQ0dycQW4uZXLejwKvg6EsvbdlVL+FYEct7A==}
    dev: true

  /zalgo-promise/1.0.48:
    resolution: {integrity: sha512-LLHANmdm53+MucY9aOFIggzYtUdkSBFxUsy4glTTQYNyK6B3uCPWTbfiGvSrEvLojw0mSzyFJ1/RRLv+QMNdzQ==}
    dev: false
